// !$*UTF8*$!
{
	archiveVersion = 1;
	classes = {
	};
	objectVersion = 50;
	objects = {

/* Begin PBXBuildFile section */
		581E7EEB246DA80600E57823 /* WebView.swift in Sources */ = {isa = PBXBuildFile; fileRef = 581E7EEA246DA80600E57823 /* WebView.swift */; };
		58E85CB7246D4826004DCA36 /* AppDelegate.swift in Sources */ = {isa = PBXBuildFile; fileRef = 58E85CB6246D4826004DCA36 /* AppDelegate.swift */; };
		58E85CB9246D4826004DCA36 /* SceneDelegate.swift in Sources */ = {isa = PBXBuildFile; fileRef = 58E85CB8246D4826004DCA36 /* SceneDelegate.swift */; };
		58E85CBB246D4826004DCA36 /* ContentView.swift in Sources */ = {isa = PBXBuildFile; fileRef = 58E85CBA246D4826004DCA36 /* ContentView.swift */; };
		58E85CBD246D4829004DCA36 /* Assets.xcassets in Resources */ = {isa = PBXBuildFile; fileRef = 58E85CBC246D4829004DCA36 /* Assets.xcassets */; };
		58E85CC0246D4829004DCA36 /* Preview Assets.xcassets in Resources */ = {isa = PBXBuildFile; fileRef = 58E85CBF246D4829004DCA36 /* Preview Assets.xcassets */; };
		58E85CC3246D4829004DCA36 /* LaunchScreen.storyboard in Resources */ = {isa = PBXBuildFile; fileRef = 58E85CC1246D4829004DCA36 /* LaunchScreen.storyboard */; };
		58E85CCC246D4EC5004DCA36 /* NetworkManager.swift in Sources */ = {isa = PBXBuildFile; fileRef = 58E85CCB246D4EC5004DCA36 /* NetworkManager.swift */; };
		58E85CCE246D94E0004DCA36 /* PostData.swift in Sources */ = {isa = PBXBuildFile; fileRef = 58E85CCD246D94E0004DCA36 /* PostData.swift */; };
		58E85CD1246DA161004DCA36 /* DetailView.swift in Sources */ = {isa = PBXBuildFile; fileRef = 58E85CD0246DA161004DCA36 /* DetailView.swift */; };
/* End PBXBuildFile section */

/* Begin PBXFileReference section */
		581E7EEA246DA80600E57823 /* WebView.swift */ = {isa = PBXFileReference; lastKnownFileType = sourcecode.swift; path = WebView.swift; sourceTree = "<group>"; };
		581E7EEC246DAA0F00E57823 /* H4X0R News.entitlements */ = {isa = PBXFileReference; lastKnownFileType = text.plist.entitlements; path = "H4X0R News.entitlements"; sourceTree = "<group>"; };
		58E85CB3246D4826004DCA36 /* H4X0R News.app */ = {isa = PBXFileReference; explicitFileType = wrapper.application; includeInIndex = 0; path = "H4X0R News.app"; sourceTree = BUILT_PRODUCTS_DIR; };
		58E85CB6246D4826004DCA36 /* AppDelegate.swift */ = {isa = PBXFileReference; lastKnownFileType = sourcecode.swift; path = AppDelegate.swift; sourceTree = "<group>"; };
		58E85CB8246D4826004DCA36 /* SceneDelegate.swift */ = {isa = PBXFileReference; lastKnownFileType = sourcecode.swift; path = SceneDelegate.swift; sourceTree = "<group>"; };
		58E85CBA246D4826004DCA36 /* ContentView.swift */ = {isa = PBXFileReference; lastKnownFileType = sourcecode.swift; path = ContentView.swift; sourceTree = "<group>"; };
		58E85CBC246D4829004DCA36 /* Assets.xcassets */ = {isa = PBXFileReference; lastKnownFileType = folder.assetcatalog; path = Assets.xcassets; sourceTree = "<group>"; };
		58E85CBF246D4829004DCA36 /* Preview Assets.xcassets */ = {isa = PBXFileReference; lastKnownFileType = folder.assetcatalog; path = "Preview Assets.xcassets"; sourceTree = "<group>"; };
		58E85CC2246D4829004DCA36 /* Base */ = {isa = PBXFileReference; lastKnownFileType = file.storyboard; name = Base; path = Base.lproj/LaunchScreen.storyboard; sourceTree = "<group>"; };
		58E85CC4246D4829004DCA36 /* Info.plist */ = {isa = PBXFileReference; lastKnownFileType = text.plist.xml; path = Info.plist; sourceTree = "<group>"; };
		58E85CCB246D4EC5004DCA36 /* NetworkManager.swift */ = {isa = PBXFileReference; lastKnownFileType = sourcecode.swift; path = NetworkManager.swift; sourceTree = "<group>"; };
		58E85CCD246D94E0004DCA36 /* PostData.swift */ = {isa = PBXFileReference; lastKnownFileType = sourcecode.swift; path = PostData.swift; sourceTree = "<group>"; };
		58E85CD0246DA161004DCA36 /* DetailView.swift */ = {isa = PBXFileReference; lastKnownFileType = sourcecode.swift; path = DetailView.swift; sourceTree = "<group>"; };
/* End PBXFileReference section */

/* Begin PBXFrameworksBuildPhase section */
		58E85CB0246D4826004DCA36 /* Frameworks */ = {
			isa = PBXFrameworksBuildPhase;
			buildActionMask = 2147483647;
			files = (
			);
			runOnlyForDeploymentPostprocessing = 0;
		};
/* End PBXFrameworksBuildPhase section */

/* Begin PBXGroup section */
		58E85CAA246D4826004DCA36 = {
			isa = PBXGroup;
			children = (
				58E85CB5246D4826004DCA36 /* H4X0R News */,
				58E85CB4246D4826004DCA36 /* Products */,
			);
			sourceTree = "<group>";
		};
		58E85CB4246D4826004DCA36 /* Products */ = {
			isa = PBXGroup;
			children = (
				58E85CB3246D4826004DCA36 /* H4X0R News.app */,
			);
			name = Products;
			sourceTree = "<group>";
		};
		58E85CB5246D4826004DCA36 /* H4X0R News */ = {
			isa = PBXGroup;
			children = (
				581E7EEC246DAA0F00E57823 /* H4X0R News.entitlements */,
				58E85CCA246D4EA5004DCA36 /* Models */,
				58E85CB6246D4826004DCA36 /* AppDelegate.swift */,
				58E85CB8246D4826004DCA36 /* SceneDelegate.swift */,
				58E85CCF246DA137004DCA36 /* Views */,
				58E85CBC246D4829004DCA36 /* Assets.xcassets */,
				58E85CC1246D4829004DCA36 /* LaunchScreen.storyboard */,
				58E85CC4246D4829004DCA36 /* Info.plist */,
				58E85CBE246D4829004DCA36 /* Preview Content */,
			);
			path = "H4X0R News";
			sourceTree = "<group>";
		};
		58E85CBE246D4829004DCA36 /* Preview Content */ = {
			isa = PBXGroup;
			children = (
				58E85CBF246D4829004DCA36 /* Preview Assets.xcassets */,
			);
			path = "Preview Content";
			sourceTree = "<group>";
		};
		58E85CCA246D4EA5004DCA36 /* Models */ = {
			isa = PBXGroup;
			children = (
				58E85CCB246D4EC5004DCA36 /* NetworkManager.swift */,
				58E85CCD246D94E0004DCA36 /* PostData.swift */,
			);
			path = Models;
			sourceTree = "<group>";
		};
		58E85CCF246DA137004DCA36 /* Views */ = {
			isa = PBXGroup;
			children = (
				58E85CBA246D4826004DCA36 /* ContentView.swift */,
				58E85CD0246DA161004DCA36 /* DetailView.swift */,
				581E7EEA246DA80600E57823 /* WebView.swift */,
			);
			path = Views;
			sourceTree = "<group>";
		};
/* End PBXGroup section */

/* Begin PBXNativeTarget section */
		58E85CB2246D4826004DCA36 /* H4X0R News */ = {
			isa = PBXNativeTarget;
			buildConfigurationList = 58E85CC7246D4829004DCA36 /* Build configuration list for PBXNativeTarget "H4X0R News" */;
			buildPhases = (
				58E85CAF246D4826004DCA36 /* Sources */,
				58E85CB0246D4826004DCA36 /* Frameworks */,
				58E85CB1246D4826004DCA36 /* Resources */,
			);
			buildRules = (
			);
			dependencies = (
			);
			name = "H4X0R News";
			productName = "H4X0R News";
			productReference = 58E85CB3246D4826004DCA36 /* H4X0R News.app */;
			productType = "com.apple.product-type.application";
		};
/* End PBXNativeTarget section */

/* Begin PBXProject section */
		58E85CAB246D4826004DCA36 /* Project object */ = {
			isa = PBXProject;
			attributes = {
				LastSwiftUpdateCheck = 1130;
				LastUpgradeCheck = 1130;
				ORGANIZATIONNAME = ZestMade;
				TargetAttributes = {
					58E85CB2246D4826004DCA36 = {
						CreatedOnToolsVersion = 11.3.1;
					};
				};
			};
			buildConfigurationList = 58E85CAE246D4826004DCA36 /* Build configuration list for PBXProject "H4X0R News" */;
			compatibilityVersion = "Xcode 9.3";
			developmentRegion = en;
			hasScannedForEncodings = 0;
			knownRegions = (
				en,
				Base,
			);
			mainGroup = 58E85CAA246D4826004DCA36;
			productRefGroup = 58E85CB4246D4826004DCA36 /* Products */;
			projectDirPath = "";
			projectRoot = "";
			targets = (
				58E85CB2246D4826004DCA36 /* H4X0R News */,
			);
		};
/* End PBXProject section */

/* Begin PBXResourcesBuildPhase section */
		58E85CB1246D4826004DCA36 /* Resources */ = {
			isa = PBXResourcesBuildPhase;
			buildActionMask = 2147483647;
			files = (
				58E85CC3246D4829004DCA36 /* LaunchScreen.storyboard in Resources */,
				58E85CC0246D4829004DCA36 /* Preview Assets.xcassets in Resources */,
				58E85CBD246D4829004DCA36 /* Assets.xcassets in Resources */,
			);
			runOnlyForDeploymentPostprocessing = 0;
		};
/* End PBXResourcesBuildPhase section */

/* Begin PBXSourcesBuildPhase section */
		58E85CAF246D4826004DCA36 /* Sources */ = {
			isa = PBXSourcesBuildPhase;
			buildActionMask = 2147483647;
			files = (
				58E85CCE246D94E0004DCA36 /* PostData.swift in Sources */,
				58E85CD1246DA161004DCA36 /* DetailView.swift in Sources */,
				58E85CCC246D4EC5004DCA36 /* NetworkManager.swift in Sources */,
				58E85CB7246D4826004DCA36 /* AppDelegate.swift in Sources */,
				58E85CB9246D4826004DCA36 /* SceneDelegate.swift in Sources */,
				58E85CBB246D4826004DCA36 /* ContentView.swift in Sources */,
				581E7EEB246DA80600E57823 /* WebView.swift in Sources */,
			);
			runOnlyForDeploymentPostprocessing = 0;
		};
/* End PBXSourcesBuildPhase section */

/* Begin PBXVariantGroup section */
		58E85CC1246D4829004DCA36 /* LaunchScreen.storyboard */ = {
			isa = PBXVariantGroup;
			children = (
				58E85CC2246D4829004DCA36 /* Base */,
			);
			name = LaunchScreen.storyboard;
			sourceTree = "<group>";
		};
/* End PBXVariantGroup section */

/* Begin XCBuildConfiguration section */
		58E85CC5246D4829004DCA36 /* Debug */ = {
			isa = XCBuildConfiguration;
			buildSettings = {
				ALWAYS_SEARCH_USER_PATHS = NO;
				CLANG_ANALYZER_NONNULL = YES;
				CLANG_ANALYZER_NUMBER_OBJECT_CONVERSION = YES_AGGRESSIVE;
				CLANG_CXX_LANGUAGE_STANDARD = "gnu++14";
				CLANG_CXX_LIBRARY = "libc++";
				CLANG_ENABLE_MODULES = YES;
				CLANG_ENABLE_OBJC_ARC = YES;
				CLANG_ENABLE_OBJC_WEAK = YES;
				CLANG_WARN_BLOCK_CAPTURE_AUTORELEASING = YES;
				CLANG_WARN_BOOL_CONVERSION = YES;
				CLANG_WARN_COMMA = YES;
				CLANG_WARN_CONSTANT_CONVERSION = YES;
				CLANG_WARN_DEPRECATED_OBJC_IMPLEMENTATIONS = YES;
				CLANG_WARN_DIRECT_OBJC_ISA_USAGE = YES_ERROR;
				CLANG_WARN_DOCUMENTATION_COMMENTS = YES;
				CLANG_WARN_EMPTY_BODY = YES;
				CLANG_WARN_ENUM_CONVERSION = YES;
				CLANG_WARN_INFINITE_RECURSION = YES;
				CLANG_WARN_INT_CONVERSION = YES;
				CLANG_WARN_NON_LITERAL_NULL_CONVERSION = YES;
				CLANG_WARN_OBJC_IMPLICIT_RETAIN_SELF = YES;
				CLANG_WARN_OBJC_LITERAL_CONVERSION = YES;
				CLANG_WARN_OBJC_ROOT_CLASS = YES_ERROR;
				CLANG_WARN_RANGE_LOOP_ANALYSIS = YES;
				CLANG_WARN_STRICT_PROTOTYPES = YES;
				CLANG_WARN_SUSPICIOUS_MOVE = YES;
				CLANG_WARN_UNGUARDED_AVAILABILITY = YES_AGGRESSIVE;
				CLANG_WARN_UNREACHABLE_CODE = YES;
				CLANG_WARN__DUPLICATE_METHOD_MATCH = YES;
				COPY_PHASE_STRIP = NO;
				DEBUG_INFORMATION_FORMAT = dwarf;
				ENABLE_STRICT_OBJC_MSGSEND = YES;
				ENABLE_TESTABILITY = YES;
				GCC_C_LANGUAGE_STANDARD = gnu11;
				GCC_DYNAMIC_NO_PIC = NO;
				GCC_NO_COMMON_BLOCKS = YES;
				GCC_OPTIMIZATION_LEVEL = 0;
				GCC_PREPROCESSOR_DEFINITIONS = (
					"DEBUG=1",
					"$(inherited)",
				);
				GCC_WARN_64_TO_32_BIT_CONVERSION = YES;
				GCC_WARN_ABOUT_RETURN_TYPE = YES_ERROR;
				GCC_WARN_UNDECLARED_SELECTOR = YES;
				GCC_WARN_UNINITIALIZED_AUTOS = YES_AGGRESSIVE;
				GCC_WARN_UNUSED_FUNCTION = YES;
				GCC_WARN_UNUSED_VARIABLE = YES;
				IPHONEOS_DEPLOYMENT_TARGET = 13.2;
				MTL_ENABLE_DEBUG_INFO = INCLUDE_SOURCE;
				MTL_FAST_MATH = YES;
				ONLY_ACTIVE_ARCH = YES;
				SDKROOT = iphoneos;
				SWIFT_ACTIVE_COMPILATION_CONDITIONS = DEBUG;
				SWIFT_OPTIMIZATION_LEVEL = "-Onone";
			};
			name = Debug;
		};
		58E85CC6246D4829004DCA36 /* Release */ = {
			isa = XCBuildConfiguration;
			buildSettings = {
				ALWAYS_SEARCH_USER_PATHS = NO;
				CLANG_ANALYZER_NONNULL = YES;
				CLANG_ANALYZER_NUMBER_OBJECT_CONVERSION = YES_AGGRESSIVE;
				CLANG_CXX_LANGUAGE_STANDARD = "gnu++14";
				CLANG_CXX_LIBRARY = "libc++";
				CLANG_ENABLE_MODULES = YES;
				CLANG_ENABLE_OBJC_ARC = YES;
				CLANG_ENABLE_OBJC_WEAK = YES;
				CLANG_WARN_BLOCK_CAPTURE_AUTORELEASING = YES;
				CLANG_WARN_BOOL_CONVERSION = YES;
				CLANG_WARN_COMMA = YES;
				CLANG_WARN_CONSTANT_CONVERSION = YES;
				CLANG_WARN_DEPRECATED_OBJC_IMPLEMENTATIONS = YES;
				CLANG_WARN_DIRECT_OBJC_ISA_USAGE = YES_ERROR;
				CLANG_WARN_DOCUMENTATION_COMMENTS = YES;
				CLANG_WARN_EMPTY_BODY = YES;
				CLANG_WARN_ENUM_CONVERSION = YES;
				CLANG_WARN_INFINITE_RECURSION = YES;
				CLANG_WARN_INT_CONVERSION = YES;
				CLANG_WARN_NON_LITERAL_NULL_CONVERSION = YES;
				CLANG_WARN_OBJC_IMPLICIT_RETAIN_SELF = YES;
				CLANG_WARN_OBJC_LITERAL_CONVERSION = YES;
				CLANG_WARN_OBJC_ROOT_CLASS = YES_ERROR;
				CLANG_WARN_RANGE_LOOP_ANALYSIS = YES;
				CLANG_WARN_STRICT_PROTOTYPES = YES;
				CLANG_WARN_SUSPICIOUS_MOVE = YES;
				CLANG_WARN_UNGUARDED_AVAILABILITY = YES_AGGRESSIVE;
				CLANG_WARN_UNREACHABLE_CODE = YES;
				CLANG_WARN__DUPLICATE_METHOD_MATCH = YES;
				COPY_PHASE_STRIP = NO;
				DEBUG_INFORMATION_FORMAT = "dwarf-with-dsym";
				ENABLE_NS_ASSERTIONS = NO;
				ENABLE_STRICT_OBJC_MSGSEND = YES;
				GCC_C_LANGUAGE_STANDARD = gnu11;
				GCC_NO_COMMON_BLOCKS = YES;
				GCC_WARN_64_TO_32_BIT_CONVERSION = YES;
				GCC_WARN_ABOUT_RETURN_TYPE = YES_ERROR;
				GCC_WARN_UNDECLARED_SELECTOR = YES;
				GCC_WARN_UNINITIALIZED_AUTOS = YES_AGGRESSIVE;
				GCC_WARN_UNUSED_FUNCTION = YES;
				GCC_WARN_UNUSED_VARIABLE = YES;
				IPHONEOS_DEPLOYMENT_TARGET = 13.2;
				MTL_ENABLE_DEBUG_INFO = NO;
				MTL_FAST_MATH = YES;
				SDKROOT = iphoneos;
				SWIFT_COMPILATION_MODE = wholemodule;
				SWIFT_OPTIMIZATION_LEVEL = "-O";
				VALIDATE_PRODUCT = YES;
			};
			name = Release;
		};
		58E85CC8246D4829004DCA36 /* Debug */ = {
			isa = XCBuildConfiguration;
			buildSettings = {
				ASSETCATALOG_COMPILER_APPICON_NAME = AppIcon;
				CODE_SIGN_ENTITLEMENTS = "H4X0R News/H4X0R News.entitlements";
				CODE_SIGN_IDENTITY = "Apple Development";
				"CODE_SIGN_IDENTITY[sdk=macosx*]" = "Apple Development";
				CODE_SIGN_STYLE = Automatic;
				DERIVE_MACCATALYST_PRODUCT_BUNDLE_IDENTIFIER = YES;
				DEVELOPMENT_ASSET_PATHS = "\"H4X0R News/Preview Content\"";
				DEVELOPMENT_TEAM = VSB5KXYQFF;
				ENABLE_PREVIEWS = YES;
				INFOPLIST_FILE = "H4X0R News/Info.plist";
				LD_RUNPATH_SEARCH_PATHS = (
					"$(inherited)",
					"@executable_path/Frameworks",
				);
				PRODUCT_BUNDLE_IDENTIFIER = com.zestmade.app.articles;
				PRODUCT_NAME = "$(TARGET_NAME)";
				PROVISIONING_PROFILE_SPECIFIER = "";
				"PROVISIONING_PROFILE_SPECIFIER[sdk=macosx*]" = "";
				SUPPORTS_MACCATALYST = YES;
				SWIFT_VERSION = 5.0;
				TARGETED_DEVICE_FAMILY = "1,2";
			};
			name = Debug;
		};
		58E85CC9246D4829004DCA36 /* Release */ = {
			isa = XCBuildConfiguration;
			buildSettings = {
				ASSETCATALOG_COMPILER_APPICON_NAME = AppIcon;
				CODE_SIGN_ENTITLEMENTS = "H4X0R News/H4X0R News.entitlements";
				CODE_SIGN_IDENTITY = "Apple Development";
				"CODE_SIGN_IDENTITY[sdk=macosx*]" = "Apple Development";
				CODE_SIGN_STYLE = Automatic;
				DERIVE_MACCATALYST_PRODUCT_BUNDLE_IDENTIFIER = YES;
				DEVELOPMENT_ASSET_PATHS = "\"H4X0R News/Preview Content\"";
				DEVELOPMENT_TEAM = VSB5KXYQFF;
				ENABLE_PREVIEWS = YES;
				INFOPLIST_FILE = "H4X0R News/Info.plist";
				LD_RUNPATH_SEARCH_PATHS = (
					"$(inherited)",
					"@executable_path/Frameworks",
				);
				PRODUCT_BUNDLE_IDENTIFIER = com.zestmade.app.articles;
				PRODUCT_NAME = "$(TARGET_NAME)";
				PROVISIONING_PROFILE_SPECIFIER = "";
				"PROVISIONING_PROFILE_SPECIFIER[sdk=macosx*]" = "";
				SUPPORTS_MACCATALYST = YES;
				SWIFT_VERSION = 5.0;
				TARGETED_DEVICE_FAMILY = "1,2";
			};
			name = Release;
		};
/* End XCBuildConfiguration section */

/* Begin XCConfigurationList section */
		58E85CAE246D4826004DCA36 /* Build configuration list for PBXProject "H4X0R News" */ = {
			isa = XCConfigurationList;
			buildConfigurations = (
				58E85CC5246D4829004DCA36 /* Debug */,
				58E85CC6246D4829004DCA36 /* Release */,
			);
			defaultConfigurationIsVisible = 0;
			defaultConfigurationName = Release;
		};
		58E85CC7246D4829004DCA36 /* Build configuration list for PBXNativeTarget "H4X0R News" */ = {
			isa = XCConfigurationList;
			buildConfigurations = (
				58E85CC8246D4829004DCA36 /* Debug */,
				58E85CC9246D4829004DCA36 /* Release */,
			);
			defaultConfigurationIsVisible = 0;
			defaultConfigurationName = Release;
		};
/* End XCConfigurationList section */
	};
	rootObject = 58E85CAB246D4826004DCA36 /* Project object */;
}
